
Microsoft Visual Studio Solution File, Format Version 12.00
# Visual Studio Version 17
VisualStudioVersion = 17.3.32825.248
MinimumVisualStudioVersion = 10.0.40219.1
Project("{9A19103F-16F7-4668-BE54-9A1E7A4F7556}") = "01. Blacksmith", "01. Blacksmith\01. Blacksmith.csproj", "{29D16486-20EC-43D8-8A6E-A132B29D1FDE}"
EndProject
Project("{9A19103F-16F7-4668-BE54-9A1E7A4F7556}") = "02. Armory", "02. Armory\02. Armory.csproj", "{D770ED2B-F023-40B6-A037-CF7B5BD89CC1}"
EndProject
Project("{FAE04EC0-301F-11D3-BF4B-00C04F79EFBC}") = "03. Drones", "Drones\03. Drones.csproj", "{577E937B-D211-4F3E-8D96-3F325DBCFEE3}"
EndProject
Global
	GlobalSection(SolutionConfigurationPlatforms) = preSolution
		Debug|Any CPU = Debug|Any CPU
		Release|Any CPU = Release|Any CPU
	EndGlobalSection
	GlobalSection(ProjectConfigurationPlatforms) = postSolution
		{29D16486-20EC-43D8-8A6E-A132B29D1FDE}.Debug|Any CPU.ActiveCfg = Debug|Any CPU
		{29D16486-20EC-43D8-8A6E-A132B29D1FDE}.Debug|Any CPU.Build.0 = Debug|Any CPU
		{29D16486-20EC-43D8-8A6E-A132B29D1FDE}.Release|Any CPU.ActiveCfg = Release|Any CPU
		{29D16486-20EC-43D8-8A6E-A132B29D1FDE}.Release|Any CPU.Build.0 = Release|Any CPU
		{D770ED2B-F023-40B6-A037-CF7B5BD89CC1}.Debug|Any CPU.ActiveCfg = Debug|Any CPU
		{D770ED2B-F023-40B6-A037-CF7B5BD89CC1}.Debug|Any CPU.Build.0 = Debug|Any CPU
		{D770ED2B-F023-40B6-A037-CF7B5BD89CC1}.Release|Any CPU.ActiveCfg = Release|Any CPU
		{D770ED2B-F023-40B6-A037-CF7B5BD89CC1}.Release|Any CPU.Build.0 = Release|Any CPU
		{577E937B-D211-4F3E-8D96-3F325DBCFEE3}.Debug|Any CPU.ActiveCfg = Debug|Any CPU
		{577E937B-D211-4F3E-8D96-3F325DBCFEE3}.Debug|Any CPU.Build.0 = Debug|Any CPU
		{577E937B-D211-4F3E-8D96-3F325DBCFEE3}.Release|Any CPU.ActiveCfg = Release|Any CPU
		{577E937B-D211-4F3E-8D96-3F325DBCFEE3}.Release|Any CPU.Build.0 = Release|Any CPU
	EndGlobalSection
	GlobalSection(SolutionProperties) = preSolution
		HideSolutionNode = FALSE
	EndGlobalSection
	GlobalSection(ExtensibilityGlobals) = postSolution
		SolutionGuid = {101BC814-4366-41DC-9F6E-F52FA1F07A05}
	EndGlobalSection
EndGlobal
