
Microsoft Visual Studio Solution File, Format Version 12.00
# Visual Studio Version 17
VisualStudioVersion = 17.3.32825.248
MinimumVisualStudioVersion = 10.0.40219.1
Project("{FAE04EC0-301F-11D3-BF4B-00C04F79EFBC}") = "04. Fast Food", "04. Fast Food\04. Fast Food.csproj", "{531F7596-A73A-4F5C-843E-1306F51E63FB}"
EndProject
Global
	GlobalSection(SolutionConfigurationPlatforms) = preSolution
		Debug|Any CPU = Debug|Any CPU
		Release|Any CPU = Release|Any CPU
	EndGlobalSection
	GlobalSection(ProjectConfigurationPlatforms) = postSolution
		{531F7596-A73A-4F5C-843E-1306F51E63FB}.Debug|Any CPU.ActiveCfg = Debug|Any CPU
		{531F7596-A73A-4F5C-843E-1306F51E63FB}.Debug|Any CPU.Build.0 = Debug|Any CPU
		{531F7596-A73A-4F5C-843E-1306F51E63FB}.Release|Any CPU.ActiveCfg = Release|Any CPU
		{531F7596-A73A-4F5C-843E-1306F51E63FB}.Release|Any CPU.Build.0 = Release|Any CPU
	EndGlobalSection
	GlobalSection(SolutionProperties) = preSolution
		HideSolutionNode = FALSE
	EndGlobalSection
	GlobalSection(ExtensibilityGlobals) = postSolution
		SolutionGuid = {51E720A4-F227-4B01-A758-A09FA6F317B7}
	EndGlobalSection
EndGlobal
