
Microsoft Visual Studio Solution File, Format Version 12.00
# Visual Studio Version 17
VisualStudioVersion = 17.3.32825.248
MinimumVisualStudioVersion = 10.0.40219.1
Project("{FAE04EC0-301F-11D3-BF4B-00C04F79EFBC}") = "5. Print Even Numbers", "5. Print Even Numbers\5. Print Even Numbers.csproj", "{15B9237F-39D5-413F-999B-F9F30853D504}"
EndProject
Global
	GlobalSection(SolutionConfigurationPlatforms) = preSolution
		Debug|Any CPU = Debug|Any CPU
		Release|Any CPU = Release|Any CPU
	EndGlobalSection
	GlobalSection(ProjectConfigurationPlatforms) = postSolution
		{15B9237F-39D5-413F-999B-F9F30853D504}.Debug|Any CPU.ActiveCfg = Debug|Any CPU
		{15B9237F-39D5-413F-999B-F9F30853D504}.Debug|Any CPU.Build.0 = Debug|Any CPU
		{15B9237F-39D5-413F-999B-F9F30853D504}.Release|Any CPU.ActiveCfg = Release|Any CPU
		{15B9237F-39D5-413F-999B-F9F30853D504}.Release|Any CPU.Build.0 = Release|Any CPU
	EndGlobalSection
	GlobalSection(SolutionProperties) = preSolution
		HideSolutionNode = FALSE
	EndGlobalSection
	GlobalSection(ExtensibilityGlobals) = postSolution
		SolutionGuid = {164B1E17-303B-46EB-B424-B7A1BD4D6278}
	EndGlobalSection
EndGlobal
