
Microsoft Visual Studio Solution File, Format Version 12.00
# Visual Studio Version 17
VisualStudioVersion = 17.3.32825.248
MinimumVisualStudioVersion = 10.0.40219.1
Project("{FAE04EC0-301F-11D3-BF4B-00C04F79EFBC}") = "7. Hot Potato", "7. Hot Potato\7. Hot Potato.csproj", "{E2426ED6-8BF8-4117-B7B7-AC08C2A73F2E}"
EndProject
Global
	GlobalSection(SolutionConfigurationPlatforms) = preSolution
		Debug|Any CPU = Debug|Any CPU
		Release|Any CPU = Release|Any CPU
	EndGlobalSection
	GlobalSection(ProjectConfigurationPlatforms) = postSolution
		{E2426ED6-8BF8-4117-B7B7-AC08C2A73F2E}.Debug|Any CPU.ActiveCfg = Debug|Any CPU
		{E2426ED6-8BF8-4117-B7B7-AC08C2A73F2E}.Debug|Any CPU.Build.0 = Debug|Any CPU
		{E2426ED6-8BF8-4117-B7B7-AC08C2A73F2E}.Release|Any CPU.ActiveCfg = Release|Any CPU
		{E2426ED6-8BF8-4117-B7B7-AC08C2A73F2E}.Release|Any CPU.Build.0 = Release|Any CPU
	EndGlobalSection
	GlobalSection(SolutionProperties) = preSolution
		HideSolutionNode = FALSE
	EndGlobalSection
	GlobalSection(ExtensibilityGlobals) = postSolution
		SolutionGuid = {4D909D59-C381-44C3-A6DA-8AF8B3315603}
	EndGlobalSection
EndGlobal
