
Microsoft Visual Studio Solution File, Format Version 12.00
# Visual Studio Version 17
VisualStudioVersion = 17.3.32825.248
MinimumVisualStudioVersion = 10.0.40219.1
Project("{FAE04EC0-301F-11D3-BF4B-00C04F79EFBC}") = "06. Songs Queue", "06. Songs Queue\06. Songs Queue.csproj", "{8125220E-57E8-4237-8522-E5334BB9365B}"
EndProject
Global
	GlobalSection(SolutionConfigurationPlatforms) = preSolution
		Debug|Any CPU = Debug|Any CPU
		Release|Any CPU = Release|Any CPU
	EndGlobalSection
	GlobalSection(ProjectConfigurationPlatforms) = postSolution
		{8125220E-57E8-4237-8522-E5334BB9365B}.Debug|Any CPU.ActiveCfg = Debug|Any CPU
		{8125220E-57E8-4237-8522-E5334BB9365B}.Debug|Any CPU.Build.0 = Debug|Any CPU
		{8125220E-57E8-4237-8522-E5334BB9365B}.Release|Any CPU.ActiveCfg = Release|Any CPU
		{8125220E-57E8-4237-8522-E5334BB9365B}.Release|Any CPU.Build.0 = Release|Any CPU
	EndGlobalSection
	GlobalSection(SolutionProperties) = preSolution
		HideSolutionNode = FALSE
	EndGlobalSection
	GlobalSection(ExtensibilityGlobals) = postSolution
		SolutionGuid = {045E8054-1D0F-48BE-A498-139A7CF91B9E}
	EndGlobalSection
EndGlobal
