
Microsoft Visual Studio Solution File, Format Version 12.00
# Visual Studio Version 17
VisualStudioVersion = 17.3.32825.248
MinimumVisualStudioVersion = 10.0.40219.1
Project("{FAE04EC0-301F-11D3-BF4B-00C04F79EFBC}") = "01. Square Root", "01. Square Root\01. Square Root.csproj", "{9BD6515F-F572-404A-AD96-A43C93C98DC7}"
EndProject
Global
	GlobalSection(SolutionConfigurationPlatforms) = preSolution
		Debug|Any CPU = Debug|Any CPU
		Release|Any CPU = Release|Any CPU
	EndGlobalSection
	GlobalSection(ProjectConfigurationPlatforms) = postSolution
		{9BD6515F-F572-404A-AD96-A43C93C98DC7}.Debug|Any CPU.ActiveCfg = Debug|Any CPU
		{9BD6515F-F572-404A-AD96-A43C93C98DC7}.Debug|Any CPU.Build.0 = Debug|Any CPU
		{9BD6515F-F572-404A-AD96-A43C93C98DC7}.Release|Any CPU.ActiveCfg = Release|Any CPU
		{9BD6515F-F572-404A-AD96-A43C93C98DC7}.Release|Any CPU.Build.0 = Release|Any CPU
	EndGlobalSection
	GlobalSection(SolutionProperties) = preSolution
		HideSolutionNode = FALSE
	EndGlobalSection
	GlobalSection(ExtensibilityGlobals) = postSolution
		SolutionGuid = {A47C522A-1304-4257-840A-85D449DA7D9D}
	EndGlobalSection
EndGlobal
