
Microsoft Visual Studio Solution File, Format Version 12.00
# Visual Studio Version 17
VisualStudioVersion = 17.3.32825.248
MinimumVisualStudioVersion = 10.0.40219.1
Project("{9A19103F-16F7-4668-BE54-9A1E7A4F7556}") = "Person", "Person\Person.csproj", "{23BBE9B5-5B2C-4988-9877-5890A371A0AF}"
EndProject
Project("{9A19103F-16F7-4668-BE54-9A1E7A4F7556}") = "Zoo", "Zoo\Zoo.csproj", "{F55DE25F-6249-42A9-BC8C-0AFDC6C3D7C4}"
EndProject
Project("{9A19103F-16F7-4668-BE54-9A1E7A4F7556}") = "PlayersAndMonsters", "PlayersAndMonsters\PlayersAndMonsters.csproj", "{9598AE0C-D090-4062-89BC-6AA03F27A1F1}"
EndProject
Project("{9A19103F-16F7-4668-BE54-9A1E7A4F7556}") = "NeedForSpeed", "NeedForSpeed\NeedForSpeed.csproj", "{6BDCB8F3-DC5D-4C4A-98C6-2D3AAEAD37CD}"
EndProject
Project("{FAE04EC0-301F-11D3-BF4B-00C04F79EFBC}") = "Restaurant", "Restaurant\Restaurant.csproj", "{8CAB8199-B3D6-4581-89E2-CA6E483C6EDF}"
EndProject
Project("{FAE04EC0-301F-11D3-BF4B-00C04F79EFBC}") = "Animals", "Animals\Animals.csproj", "{CD715863-221F-4B46-A6FD-AA5C33CFF061}"
EndProject
Global
	GlobalSection(SolutionConfigurationPlatforms) = preSolution
		Debug|Any CPU = Debug|Any CPU
		Release|Any CPU = Release|Any CPU
	EndGlobalSection
	GlobalSection(ProjectConfigurationPlatforms) = postSolution
		{23BBE9B5-5B2C-4988-9877-5890A371A0AF}.Debug|Any CPU.ActiveCfg = Debug|Any CPU
		{23BBE9B5-5B2C-4988-9877-5890A371A0AF}.Debug|Any CPU.Build.0 = Debug|Any CPU
		{23BBE9B5-5B2C-4988-9877-5890A371A0AF}.Release|Any CPU.ActiveCfg = Release|Any CPU
		{23BBE9B5-5B2C-4988-9877-5890A371A0AF}.Release|Any CPU.Build.0 = Release|Any CPU
		{F55DE25F-6249-42A9-BC8C-0AFDC6C3D7C4}.Debug|Any CPU.ActiveCfg = Debug|Any CPU
		{F55DE25F-6249-42A9-BC8C-0AFDC6C3D7C4}.Debug|Any CPU.Build.0 = Debug|Any CPU
		{F55DE25F-6249-42A9-BC8C-0AFDC6C3D7C4}.Release|Any CPU.ActiveCfg = Release|Any CPU
		{F55DE25F-6249-42A9-BC8C-0AFDC6C3D7C4}.Release|Any CPU.Build.0 = Release|Any CPU
		{9598AE0C-D090-4062-89BC-6AA03F27A1F1}.Debug|Any CPU.ActiveCfg = Debug|Any CPU
		{9598AE0C-D090-4062-89BC-6AA03F27A1F1}.Debug|Any CPU.Build.0 = Debug|Any CPU
		{9598AE0C-D090-4062-89BC-6AA03F27A1F1}.Release|Any CPU.ActiveCfg = Release|Any CPU
		{9598AE0C-D090-4062-89BC-6AA03F27A1F1}.Release|Any CPU.Build.0 = Release|Any CPU
		{6BDCB8F3-DC5D-4C4A-98C6-2D3AAEAD37CD}.Debug|Any CPU.ActiveCfg = Debug|Any CPU
		{6BDCB8F3-DC5D-4C4A-98C6-2D3AAEAD37CD}.Debug|Any CPU.Build.0 = Debug|Any CPU
		{6BDCB8F3-DC5D-4C4A-98C6-2D3AAEAD37CD}.Release|Any CPU.ActiveCfg = Release|Any CPU
		{6BDCB8F3-DC5D-4C4A-98C6-2D3AAEAD37CD}.Release|Any CPU.Build.0 = Release|Any CPU
		{8CAB8199-B3D6-4581-89E2-CA6E483C6EDF}.Debug|Any CPU.ActiveCfg = Debug|Any CPU
		{8CAB8199-B3D6-4581-89E2-CA6E483C6EDF}.Debug|Any CPU.Build.0 = Debug|Any CPU
		{8CAB8199-B3D6-4581-89E2-CA6E483C6EDF}.Release|Any CPU.ActiveCfg = Release|Any CPU
		{8CAB8199-B3D6-4581-89E2-CA6E483C6EDF}.Release|Any CPU.Build.0 = Release|Any CPU
		{CD715863-221F-4B46-A6FD-AA5C33CFF061}.Debug|Any CPU.ActiveCfg = Debug|Any CPU
		{CD715863-221F-4B46-A6FD-AA5C33CFF061}.Debug|Any CPU.Build.0 = Debug|Any CPU
		{CD715863-221F-4B46-A6FD-AA5C33CFF061}.Release|Any CPU.ActiveCfg = Release|Any CPU
		{CD715863-221F-4B46-A6FD-AA5C33CFF061}.Release|Any CPU.Build.0 = Release|Any CPU
	EndGlobalSection
	GlobalSection(SolutionProperties) = preSolution
		HideSolutionNode = FALSE
	EndGlobalSection
	GlobalSection(ExtensibilityGlobals) = postSolution
		SolutionGuid = {2469B299-D454-40C8-87A4-790D384B7614}
	EndGlobalSection
EndGlobal
