
Microsoft Visual Studio Solution File, Format Version 12.00
# Visual Studio Version 17
VisualStudioVersion = 17.3.32825.248
MinimumVisualStudioVersion = 10.0.40219.1
Project("{9A19103F-16F7-4668-BE54-9A1E7A4F7556}") = "01. Persons", "01. Persons\01. Persons.csproj", "{F12572F6-EE3D-43E9-B7F5-C98A2C2FAB80}"
EndProject
Project("{9A19103F-16F7-4668-BE54-9A1E7A4F7556}") = "02. Salary", "02. Salary\02. Salary.csproj", "{4F6DE7D0-C74F-41F4-B408-7F7B67311DC5}"
EndProject
Project("{9A19103F-16F7-4668-BE54-9A1E7A4F7556}") = "03. Validation", "03. Validation\03. Validation.csproj", "{9DEF882F-4991-4375-9BD5-B1060FE5356F}"
EndProject
Project("{9A19103F-16F7-4668-BE54-9A1E7A4F7556}") = "04. Team", "PersonsInfo\04. Team.csproj", "{E268EAF1-2FBB-478D-B567-EC343CDB8521}"
EndProject
Global
	GlobalSection(SolutionConfigurationPlatforms) = preSolution
		Debug|Any CPU = Debug|Any CPU
		Release|Any CPU = Release|Any CPU
	EndGlobalSection
	GlobalSection(ProjectConfigurationPlatforms) = postSolution
		{F12572F6-EE3D-43E9-B7F5-C98A2C2FAB80}.Debug|Any CPU.ActiveCfg = Debug|Any CPU
		{F12572F6-EE3D-43E9-B7F5-C98A2C2FAB80}.Debug|Any CPU.Build.0 = Debug|Any CPU
		{F12572F6-EE3D-43E9-B7F5-C98A2C2FAB80}.Release|Any CPU.ActiveCfg = Release|Any CPU
		{F12572F6-EE3D-43E9-B7F5-C98A2C2FAB80}.Release|Any CPU.Build.0 = Release|Any CPU
		{4F6DE7D0-C74F-41F4-B408-7F7B67311DC5}.Debug|Any CPU.ActiveCfg = Debug|Any CPU
		{4F6DE7D0-C74F-41F4-B408-7F7B67311DC5}.Debug|Any CPU.Build.0 = Debug|Any CPU
		{4F6DE7D0-C74F-41F4-B408-7F7B67311DC5}.Release|Any CPU.ActiveCfg = Release|Any CPU
		{4F6DE7D0-C74F-41F4-B408-7F7B67311DC5}.Release|Any CPU.Build.0 = Release|Any CPU
		{9DEF882F-4991-4375-9BD5-B1060FE5356F}.Debug|Any CPU.ActiveCfg = Debug|Any CPU
		{9DEF882F-4991-4375-9BD5-B1060FE5356F}.Debug|Any CPU.Build.0 = Debug|Any CPU
		{9DEF882F-4991-4375-9BD5-B1060FE5356F}.Release|Any CPU.ActiveCfg = Release|Any CPU
		{9DEF882F-4991-4375-9BD5-B1060FE5356F}.Release|Any CPU.Build.0 = Release|Any CPU
		{E268EAF1-2FBB-478D-B567-EC343CDB8521}.Debug|Any CPU.ActiveCfg = Debug|Any CPU
		{E268EAF1-2FBB-478D-B567-EC343CDB8521}.Debug|Any CPU.Build.0 = Debug|Any CPU
		{E268EAF1-2FBB-478D-B567-EC343CDB8521}.Release|Any CPU.ActiveCfg = Release|Any CPU
		{E268EAF1-2FBB-478D-B567-EC343CDB8521}.Release|Any CPU.Build.0 = Release|Any CPU
	EndGlobalSection
	GlobalSection(SolutionProperties) = preSolution
		HideSolutionNode = FALSE
	EndGlobalSection
	GlobalSection(ExtensibilityGlobals) = postSolution
		SolutionGuid = {CC3FCAC9-708C-4F4B-8C8B-3DBE01682023}
	EndGlobalSection
EndGlobal
