
Microsoft Visual Studio Solution File, Format Version 12.00
# Visual Studio Version 17
VisualStudioVersion = 17.3.32825.248
MinimumVisualStudioVersion = 10.0.40219.1
Project("{FAE04EC0-301F-11D3-BF4B-00C04F79EFBC}") = "01. Energy Drinks", "01. Energy Drinks\01. Energy Drinks.csproj", "{448922E8-C293-4410-B0CA-DC2B519BA9EC}"
EndProject
Global
	GlobalSection(SolutionConfigurationPlatforms) = preSolution
		Debug|Any CPU = Debug|Any CPU
		Release|Any CPU = Release|Any CPU
	EndGlobalSection
	GlobalSection(ProjectConfigurationPlatforms) = postSolution
		{448922E8-C293-4410-B0CA-DC2B519BA9EC}.Debug|Any CPU.ActiveCfg = Debug|Any CPU
		{448922E8-C293-4410-B0CA-DC2B519BA9EC}.Debug|Any CPU.Build.0 = Debug|Any CPU
		{448922E8-C293-4410-B0CA-DC2B519BA9EC}.Release|Any CPU.ActiveCfg = Release|Any CPU
		{448922E8-C293-4410-B0CA-DC2B519BA9EC}.Release|Any CPU.Build.0 = Release|Any CPU
	EndGlobalSection
	GlobalSection(SolutionProperties) = preSolution
		HideSolutionNode = FALSE
	EndGlobalSection
	GlobalSection(ExtensibilityGlobals) = postSolution
		SolutionGuid = {FAAA0456-8F39-4498-BB11-5CCB4B7ED309}
	EndGlobalSection
EndGlobal
