
Microsoft Visual Studio Solution File, Format Version 12.00
# Visual Studio 15
VisualStudioVersion = 15.0.27703.2026
MinimumVisualStudioVersion = 10.0.40219.1
Project("{FAE04EC0-301F-11D3-BF4B-00C04F79EFBC}") = "AquaShop", "AquaShop\AquaShop.csproj", "{C462E007-CC34-40FC-B846-BC6FF3F35C81}"
EndProject
Global
	GlobalSection(SolutionConfigurationPlatforms) = preSolution
		Debug|Any CPU = Debug|Any CPU
		Release|Any CPU = Release|Any CPU
	EndGlobalSection
	GlobalSection(ProjectConfigurationPlatforms) = postSolution
		{C462E007-CC34-40FC-B846-BC6FF3F35C81}.Debug|Any CPU.ActiveCfg = Debug|Any CPU
		{C462E007-CC34-40FC-B846-BC6FF3F35C81}.Debug|Any CPU.Build.0 = Debug|Any CPU
		{C462E007-CC34-40FC-B846-BC6FF3F35C81}.Release|Any CPU.ActiveCfg = Release|Any CPU
		{C462E007-CC34-40FC-B846-BC6FF3F35C81}.Release|Any CPU.Build.0 = Release|Any CPU
	EndGlobalSection
	GlobalSection(SolutionProperties) = preSolution
		HideSolutionNode = FALSE
	EndGlobalSection
	GlobalSection(ExtensibilityGlobals) = postSolution
		SolutionGuid = {CDACA7DE-DF66-492D-B822-ACADEC984399}
	EndGlobalSection
EndGlobal
