
Microsoft Visual Studio Solution File, Format Version 12.00
# Visual Studio Version 17
VisualStudioVersion = 17.3.32825.248
MinimumVisualStudioVersion = 10.0.40219.1
Project("{FAE04EC0-301F-11D3-BF4B-00C04F79EFBC}") = "01. Stealer", "01. Stealer\01. Stealer.csproj", "{F3A2476C-48CC-4904-BD6D-3662BE111362}"
EndProject
Global
	GlobalSection(SolutionConfigurationPlatforms) = preSolution
		Debug|Any CPU = Debug|Any CPU
		Release|Any CPU = Release|Any CPU
	EndGlobalSection
	GlobalSection(ProjectConfigurationPlatforms) = postSolution
		{F3A2476C-48CC-4904-BD6D-3662BE111362}.Debug|Any CPU.ActiveCfg = Debug|Any CPU
		{F3A2476C-48CC-4904-BD6D-3662BE111362}.Debug|Any CPU.Build.0 = Debug|Any CPU
		{F3A2476C-48CC-4904-BD6D-3662BE111362}.Release|Any CPU.ActiveCfg = Release|Any CPU
		{F3A2476C-48CC-4904-BD6D-3662BE111362}.Release|Any CPU.Build.0 = Release|Any CPU
	EndGlobalSection
	GlobalSection(SolutionProperties) = preSolution
		HideSolutionNode = FALSE
	EndGlobalSection
	GlobalSection(ExtensibilityGlobals) = postSolution
		SolutionGuid = {51151A19-78BA-4394-919E-C74392C0E14D}
	EndGlobalSection
EndGlobal
