
Microsoft Visual Studio Solution File, Format Version 12.00
# Visual Studio Version 17
VisualStudioVersion = 17.3.32825.248
MinimumVisualStudioVersion = 10.0.40219.1
Project("{FAE04EC0-301F-11D3-BF4B-00C04F79EFBC}") = "Operations", "Operations\Operations.csproj", "{5F1ACCAB-68B1-40A7-8601-9DA403878D1B}"
EndProject
Project("{FAE04EC0-301F-11D3-BF4B-00C04F79EFBC}") = "Animals", "Animals\Animals.csproj", "{91ACF567-D12B-4DC2-A9CA-8D682CF8E4B5}"
EndProject
Project("{FAE04EC0-301F-11D3-BF4B-00C04F79EFBC}") = "Shapes", "Shapes\Shapes.csproj", "{59D71301-7365-4F99-99D6-E0C3C67AE11B}"
EndProject
Global
	GlobalSection(SolutionConfigurationPlatforms) = preSolution
		Debug|Any CPU = Debug|Any CPU
		Release|Any CPU = Release|Any CPU
	EndGlobalSection
	GlobalSection(ProjectConfigurationPlatforms) = postSolution
		{5F1ACCAB-68B1-40A7-8601-9DA403878D1B}.Debug|Any CPU.ActiveCfg = Debug|Any CPU
		{5F1ACCAB-68B1-40A7-8601-9DA403878D1B}.Debug|Any CPU.Build.0 = Debug|Any CPU
		{5F1ACCAB-68B1-40A7-8601-9DA403878D1B}.Release|Any CPU.ActiveCfg = Release|Any CPU
		{5F1ACCAB-68B1-40A7-8601-9DA403878D1B}.Release|Any CPU.Build.0 = Release|Any CPU
		{91ACF567-D12B-4DC2-A9CA-8D682CF8E4B5}.Debug|Any CPU.ActiveCfg = Debug|Any CPU
		{91ACF567-D12B-4DC2-A9CA-8D682CF8E4B5}.Debug|Any CPU.Build.0 = Debug|Any CPU
		{91ACF567-D12B-4DC2-A9CA-8D682CF8E4B5}.Release|Any CPU.ActiveCfg = Release|Any CPU
		{91ACF567-D12B-4DC2-A9CA-8D682CF8E4B5}.Release|Any CPU.Build.0 = Release|Any CPU
		{59D71301-7365-4F99-99D6-E0C3C67AE11B}.Debug|Any CPU.ActiveCfg = Debug|Any CPU
		{59D71301-7365-4F99-99D6-E0C3C67AE11B}.Debug|Any CPU.Build.0 = Debug|Any CPU
		{59D71301-7365-4F99-99D6-E0C3C67AE11B}.Release|Any CPU.ActiveCfg = Release|Any CPU
		{59D71301-7365-4F99-99D6-E0C3C67AE11B}.Release|Any CPU.Build.0 = Release|Any CPU
	EndGlobalSection
	GlobalSection(SolutionProperties) = preSolution
		HideSolutionNode = FALSE
	EndGlobalSection
	GlobalSection(ExtensibilityGlobals) = postSolution
		SolutionGuid = {8ACDA3B0-8D4B-43E3-A72D-CA8A206F419B}
	EndGlobalSection
EndGlobal
