
Microsoft Visual Studio Solution File, Format Version 12.00
# Visual Studio Version 17
VisualStudioVersion = 17.1.32414.318
MinimumVisualStudioVersion = 10.0.40219.1
Project("{9A19103F-16F7-4668-BE54-9A1E7A4F7556}") = "FrontDeskApp", "FrontDeskApp\FrontDeskApp.csproj", "{75B46838-88BE-41C6-8991-059DDC604570}"
EndProject
Project("{FAE04EC0-301F-11D3-BF4B-00C04F79EFBC}") = "BookigApp.Tests", "BookigApp.Tests\BookigApp.Tests.csproj", "{349E67F1-AED7-44E1-859C-CC8BC348CE14}"
EndProject
Global
	GlobalSection(SolutionConfigurationPlatforms) = preSolution
		Debug|Any CPU = Debug|Any CPU
		Release|Any CPU = Release|Any CPU
	EndGlobalSection
	GlobalSection(ProjectConfigurationPlatforms) = postSolution
		{75B46838-88BE-41C6-8991-059DDC604570}.Debug|Any CPU.ActiveCfg = Debug|Any CPU
		{75B46838-88BE-41C6-8991-059DDC604570}.Debug|Any CPU.Build.0 = Debug|Any CPU
		{75B46838-88BE-41C6-8991-059DDC604570}.Release|Any CPU.ActiveCfg = Release|Any CPU
		{75B46838-88BE-41C6-8991-059DDC604570}.Release|Any CPU.Build.0 = Release|Any CPU
		{349E67F1-AED7-44E1-859C-CC8BC348CE14}.Debug|Any CPU.ActiveCfg = Debug|Any CPU
		{349E67F1-AED7-44E1-859C-CC8BC348CE14}.Debug|Any CPU.Build.0 = Debug|Any CPU
		{349E67F1-AED7-44E1-859C-CC8BC348CE14}.Release|Any CPU.ActiveCfg = Release|Any CPU
		{349E67F1-AED7-44E1-859C-CC8BC348CE14}.Release|Any CPU.Build.0 = Release|Any CPU
	EndGlobalSection
	GlobalSection(SolutionProperties) = preSolution
		HideSolutionNode = FALSE
	EndGlobalSection
	GlobalSection(ExtensibilityGlobals) = postSolution
		SolutionGuid = {001D757E-650D-4D19-A32E-A6BC945DF8AB}
	EndGlobalSection
EndGlobal
