
Microsoft Visual Studio Solution File, Format Version 12.00
# Visual Studio Version 17
VisualStudioVersion = 17.3.32825.248
MinimumVisualStudioVersion = 10.0.40219.1
Project("{9A19103F-16F7-4668-BE54-9A1E7A4F7556}") = "Streams, Files and Directories - Lab", "Streams, Files and Directories - Lab\Streams, Files and Directories - Lab.csproj", "{68D5F27C-0B4A-48AF-92E5-1C8DFA389F04}"
EndProject
Project("{9A19103F-16F7-4668-BE54-9A1E7A4F7556}") = "01. Odd Lines", "01. Odd Lines\01. Odd Lines.csproj", "{8F9E0913-4420-4D99-A7B8-8ED4186F5200}"
EndProject
Project("{FAE04EC0-301F-11D3-BF4B-00C04F79EFBC}") = "02. Line Numbers", "02. Line Numbers\02. Line Numbers.csproj", "{228D58B3-01E7-46D1-868C-189BC761E8F4}"
EndProject
Global
	GlobalSection(SolutionConfigurationPlatforms) = preSolution
		Debug|Any CPU = Debug|Any CPU
		Release|Any CPU = Release|Any CPU
	EndGlobalSection
	GlobalSection(ProjectConfigurationPlatforms) = postSolution
		{68D5F27C-0B4A-48AF-92E5-1C8DFA389F04}.Debug|Any CPU.ActiveCfg = Debug|Any CPU
		{68D5F27C-0B4A-48AF-92E5-1C8DFA389F04}.Debug|Any CPU.Build.0 = Debug|Any CPU
		{68D5F27C-0B4A-48AF-92E5-1C8DFA389F04}.Release|Any CPU.ActiveCfg = Release|Any CPU
		{68D5F27C-0B4A-48AF-92E5-1C8DFA389F04}.Release|Any CPU.Build.0 = Release|Any CPU
		{8F9E0913-4420-4D99-A7B8-8ED4186F5200}.Debug|Any CPU.ActiveCfg = Debug|Any CPU
		{8F9E0913-4420-4D99-A7B8-8ED4186F5200}.Debug|Any CPU.Build.0 = Debug|Any CPU
		{8F9E0913-4420-4D99-A7B8-8ED4186F5200}.Release|Any CPU.ActiveCfg = Release|Any CPU
		{8F9E0913-4420-4D99-A7B8-8ED4186F5200}.Release|Any CPU.Build.0 = Release|Any CPU
		{228D58B3-01E7-46D1-868C-189BC761E8F4}.Debug|Any CPU.ActiveCfg = Debug|Any CPU
		{228D58B3-01E7-46D1-868C-189BC761E8F4}.Debug|Any CPU.Build.0 = Debug|Any CPU
		{228D58B3-01E7-46D1-868C-189BC761E8F4}.Release|Any CPU.ActiveCfg = Release|Any CPU
		{228D58B3-01E7-46D1-868C-189BC761E8F4}.Release|Any CPU.Build.0 = Release|Any CPU
	EndGlobalSection
	GlobalSection(SolutionProperties) = preSolution
		HideSolutionNode = FALSE
	EndGlobalSection
	GlobalSection(ExtensibilityGlobals) = postSolution
		SolutionGuid = {D68A999F-F641-405A-9267-84260B6F19CD}
	EndGlobalSection
EndGlobal
