
Microsoft Visual Studio Solution File, Format Version 12.00
# Visual Studio Version 17
VisualStudioVersion = 17.3.32825.248
MinimumVisualStudioVersion = 10.0.40219.1
Project("{FAE04EC0-301F-11D3-BF4B-00C04F79EFBC}") = "12. Cups and Bottles", "12. Cups and Bottles\12. Cups and Bottles.csproj", "{35AA499E-ACF8-4542-895B-6ACC9212160F}"
EndProject
Global
	GlobalSection(SolutionConfigurationPlatforms) = preSolution
		Debug|Any CPU = Debug|Any CPU
		Release|Any CPU = Release|Any CPU
	EndGlobalSection
	GlobalSection(ProjectConfigurationPlatforms) = postSolution
		{35AA499E-ACF8-4542-895B-6ACC9212160F}.Debug|Any CPU.ActiveCfg = Debug|Any CPU
		{35AA499E-ACF8-4542-895B-6ACC9212160F}.Debug|Any CPU.Build.0 = Debug|Any CPU
		{35AA499E-ACF8-4542-895B-6ACC9212160F}.Release|Any CPU.ActiveCfg = Release|Any CPU
		{35AA499E-ACF8-4542-895B-6ACC9212160F}.Release|Any CPU.Build.0 = Release|Any CPU
	EndGlobalSection
	GlobalSection(SolutionProperties) = preSolution
		HideSolutionNode = FALSE
	EndGlobalSection
	GlobalSection(ExtensibilityGlobals) = postSolution
		SolutionGuid = {0734C39B-9A0C-4194-9D91-F9B95A05A105}
	EndGlobalSection
EndGlobal
