
Microsoft Visual Studio Solution File, Format Version 12.00
# Visual Studio Version 17
VisualStudioVersion = 17.3.32825.248
MinimumVisualStudioVersion = 10.0.40219.1
Project("{FAE04EC0-301F-11D3-BF4B-00C04F79EFBC}") = "10. Crossroads", "10. Crossroads\10. Crossroads.csproj", "{F480D86A-61B2-49F5-AD7B-275F15331A66}"
EndProject
Global
	GlobalSection(SolutionConfigurationPlatforms) = preSolution
		Debug|Any CPU = Debug|Any CPU
		Release|Any CPU = Release|Any CPU
	EndGlobalSection
	GlobalSection(ProjectConfigurationPlatforms) = postSolution
		{F480D86A-61B2-49F5-AD7B-275F15331A66}.Debug|Any CPU.ActiveCfg = Debug|Any CPU
		{F480D86A-61B2-49F5-AD7B-275F15331A66}.Debug|Any CPU.Build.0 = Debug|Any CPU
		{F480D86A-61B2-49F5-AD7B-275F15331A66}.Release|Any CPU.ActiveCfg = Release|Any CPU
		{F480D86A-61B2-49F5-AD7B-275F15331A66}.Release|Any CPU.Build.0 = Release|Any CPU
	EndGlobalSection
	GlobalSection(SolutionProperties) = preSolution
		HideSolutionNode = FALSE
	EndGlobalSection
	GlobalSection(ExtensibilityGlobals) = postSolution
		SolutionGuid = {DA089B32-B9EC-4531-87C2-EAC5EF9F560E}
	EndGlobalSection
EndGlobal
