
Microsoft Visual Studio Solution File, Format Version 12.00
# Visual Studio Version 17
VisualStudioVersion = 17.3.32825.248
MinimumVisualStudioVersion = 10.0.40219.1
Project("{FAE04EC0-301F-11D3-BF4B-00C04F79EFBC}") = "05. Fashion Boutique", "05. Fashion Boutique\05. Fashion Boutique.csproj", "{35D96CEC-A082-4546-B94E-B66E039D2238}"
EndProject
Global
	GlobalSection(SolutionConfigurationPlatforms) = preSolution
		Debug|Any CPU = Debug|Any CPU
		Release|Any CPU = Release|Any CPU
	EndGlobalSection
	GlobalSection(ProjectConfigurationPlatforms) = postSolution
		{35D96CEC-A082-4546-B94E-B66E039D2238}.Debug|Any CPU.ActiveCfg = Debug|Any CPU
		{35D96CEC-A082-4546-B94E-B66E039D2238}.Debug|Any CPU.Build.0 = Debug|Any CPU
		{35D96CEC-A082-4546-B94E-B66E039D2238}.Release|Any CPU.ActiveCfg = Release|Any CPU
		{35D96CEC-A082-4546-B94E-B66E039D2238}.Release|Any CPU.Build.0 = Release|Any CPU
	EndGlobalSection
	GlobalSection(SolutionProperties) = preSolution
		HideSolutionNode = FALSE
	EndGlobalSection
	GlobalSection(ExtensibilityGlobals) = postSolution
		SolutionGuid = {5BD8325C-2430-431A-BED9-F29335C530E9}
	EndGlobalSection
EndGlobal
