
Microsoft Visual Studio Solution File, Format Version 12.00
# Visual Studio Version 17
VisualStudioVersion = 17.3.32901.215
MinimumVisualStudioVersion = 10.0.40219.1
Project("{9A19103F-16F7-4668-BE54-9A1E7A4F7556}") = "ChristmasPastryShop", "ChristmasPastryShop.csproj", "{90945C59-EA60-4D06-BBD1-27BBD552DACA}"
EndProject
Global
	GlobalSection(SolutionConfigurationPlatforms) = preSolution
		Debug|Any CPU = Debug|Any CPU
		Release|Any CPU = Release|Any CPU
	EndGlobalSection
	GlobalSection(ProjectConfigurationPlatforms) = postSolution
		{90945C59-EA60-4D06-BBD1-27BBD552DACA}.Debug|Any CPU.ActiveCfg = Debug|Any CPU
		{90945C59-EA60-4D06-BBD1-27BBD552DACA}.Debug|Any CPU.Build.0 = Debug|Any CPU
		{90945C59-EA60-4D06-BBD1-27BBD552DACA}.Release|Any CPU.ActiveCfg = Release|Any CPU
		{90945C59-EA60-4D06-BBD1-27BBD552DACA}.Release|Any CPU.Build.0 = Release|Any CPU
	EndGlobalSection
	GlobalSection(SolutionProperties) = preSolution
		HideSolutionNode = FALSE
	EndGlobalSection
	GlobalSection(ExtensibilityGlobals) = postSolution
		SolutionGuid = {948F610B-2018-4547-A6A1-F57B22210B8A}
	EndGlobalSection
EndGlobal
