
Microsoft Visual Studio Solution File, Format Version 12.00
# Visual Studio Version 17
VisualStudioVersion = 17.3.32825.248
MinimumVisualStudioVersion = 10.0.40219.1
Project("{9A19103F-16F7-4668-BE54-9A1E7A4F7556}") = "ComputerArchitecture", "ComputerArchitecture.csproj", "{318912FD-D6CF-4FB2-8CE0-D1B32396E408}"
EndProject
Global
	GlobalSection(SolutionConfigurationPlatforms) = preSolution
		Debug|Any CPU = Debug|Any CPU
		Release|Any CPU = Release|Any CPU
	EndGlobalSection
	GlobalSection(ProjectConfigurationPlatforms) = postSolution
		{318912FD-D6CF-4FB2-8CE0-D1B32396E408}.Debug|Any CPU.ActiveCfg = Debug|Any CPU
		{318912FD-D6CF-4FB2-8CE0-D1B32396E408}.Debug|Any CPU.Build.0 = Debug|Any CPU
		{318912FD-D6CF-4FB2-8CE0-D1B32396E408}.Release|Any CPU.ActiveCfg = Release|Any CPU
		{318912FD-D6CF-4FB2-8CE0-D1B32396E408}.Release|Any CPU.Build.0 = Release|Any CPU
	EndGlobalSection
	GlobalSection(SolutionProperties) = preSolution
		HideSolutionNode = FALSE
	EndGlobalSection
	GlobalSection(ExtensibilityGlobals) = postSolution
		SolutionGuid = {B5A92181-62DC-4EEB-BD14-20BA232B7424}
	EndGlobalSection
EndGlobal
