
Microsoft Visual Studio Solution File, Format Version 12.00
# Visual Studio Version 17
VisualStudioVersion = 17.3.32825.248
MinimumVisualStudioVersion = 10.0.40219.1
Project("{FAE04EC0-301F-11D3-BF4B-00C04F79EFBC}") = "01. Basic Stack Operations", "01. Basic Stack Operations\01. Basic Stack Operations.csproj", "{80CB109B-6C86-4458-A002-F858C6EB2CA3}"
EndProject
Global
	GlobalSection(SolutionConfigurationPlatforms) = preSolution
		Debug|Any CPU = Debug|Any CPU
		Release|Any CPU = Release|Any CPU
	EndGlobalSection
	GlobalSection(ProjectConfigurationPlatforms) = postSolution
		{80CB109B-6C86-4458-A002-F858C6EB2CA3}.Debug|Any CPU.ActiveCfg = Debug|Any CPU
		{80CB109B-6C86-4458-A002-F858C6EB2CA3}.Debug|Any CPU.Build.0 = Debug|Any CPU
		{80CB109B-6C86-4458-A002-F858C6EB2CA3}.Release|Any CPU.ActiveCfg = Release|Any CPU
		{80CB109B-6C86-4458-A002-F858C6EB2CA3}.Release|Any CPU.Build.0 = Release|Any CPU
	EndGlobalSection
	GlobalSection(SolutionProperties) = preSolution
		HideSolutionNode = FALSE
	EndGlobalSection
	GlobalSection(ExtensibilityGlobals) = postSolution
		SolutionGuid = {80838FC8-D5C4-4F21-AEC1-9589E00B71DA}
	EndGlobalSection
EndGlobal
