
Microsoft Visual Studio Solution File, Format Version 12.00
# Visual Studio Version 17
VisualStudioVersion = 17.3.32825.248
MinimumVisualStudioVersion = 10.0.40219.1
Project("{9A19103F-16F7-4668-BE54-9A1E7A4F7556}") = "01. Tiles Master", "01. Tiles Master\01. Tiles Master.csproj", "{70B5B5E4-59FB-4F32-9FE2-0A8B7EB8AB7C}"
EndProject
Project("{9A19103F-16F7-4668-BE54-9A1E7A4F7556}") = "02. Wall Destroyer", "02. Wall Destroyer\02. Wall Destroyer.csproj", "{D1393FAC-FB6D-4CEC-A56B-46708EE0000F}"
EndProject
Project("{9A19103F-16F7-4668-BE54-9A1E7A4F7556}") = "Renovators", "..\..\..\OneDrive\Desktop\New folder\Renovators.csproj", "{23A57BD0-73DE-4540-990D-DB2CEFA02085}"
EndProject
Global
	GlobalSection(SolutionConfigurationPlatforms) = preSolution
		Debug|Any CPU = Debug|Any CPU
		Release|Any CPU = Release|Any CPU
	EndGlobalSection
	GlobalSection(ProjectConfigurationPlatforms) = postSolution
		{70B5B5E4-59FB-4F32-9FE2-0A8B7EB8AB7C}.Debug|Any CPU.ActiveCfg = Debug|Any CPU
		{70B5B5E4-59FB-4F32-9FE2-0A8B7EB8AB7C}.Debug|Any CPU.Build.0 = Debug|Any CPU
		{70B5B5E4-59FB-4F32-9FE2-0A8B7EB8AB7C}.Release|Any CPU.ActiveCfg = Release|Any CPU
		{70B5B5E4-59FB-4F32-9FE2-0A8B7EB8AB7C}.Release|Any CPU.Build.0 = Release|Any CPU
		{D1393FAC-FB6D-4CEC-A56B-46708EE0000F}.Debug|Any CPU.ActiveCfg = Debug|Any CPU
		{D1393FAC-FB6D-4CEC-A56B-46708EE0000F}.Debug|Any CPU.Build.0 = Debug|Any CPU
		{D1393FAC-FB6D-4CEC-A56B-46708EE0000F}.Release|Any CPU.ActiveCfg = Release|Any CPU
		{D1393FAC-FB6D-4CEC-A56B-46708EE0000F}.Release|Any CPU.Build.0 = Release|Any CPU
		{23A57BD0-73DE-4540-990D-DB2CEFA02085}.Debug|Any CPU.ActiveCfg = Debug|Any CPU
		{23A57BD0-73DE-4540-990D-DB2CEFA02085}.Debug|Any CPU.Build.0 = Debug|Any CPU
		{23A57BD0-73DE-4540-990D-DB2CEFA02085}.Release|Any CPU.ActiveCfg = Release|Any CPU
		{23A57BD0-73DE-4540-990D-DB2CEFA02085}.Release|Any CPU.Build.0 = Release|Any CPU
	EndGlobalSection
	GlobalSection(SolutionProperties) = preSolution
		HideSolutionNode = FALSE
	EndGlobalSection
	GlobalSection(ExtensibilityGlobals) = postSolution
		SolutionGuid = {5386FDE1-833D-41B8-B493-26CE3AF51D9D}
	EndGlobalSection
EndGlobal
